
Microsoft Visual Studio Solution File, Format Version 12.00
# Visual Studio Version 17
VisualStudioVersion = 17.8.34330.188
MinimumVisualStudioVersion = 10.0.40219.1
Project("{8BC9CEB8-8B4A-11D0-8D11-00A0C91BC942}") = "Arrays", "Arrays.vcxproj", "{D118BCC7-EBB3-4A57-92C6-07BB550C9CE4}"
EndProject
Global
	GlobalSection(SolutionConfigurationPlatforms) = preSolution
		Debug|x64 = Debug|x64
		Debug|x86 = Debug|x86
		Release|x64 = Release|x64
		Release|x86 = Release|x86
	EndGlobalSection
	GlobalSection(ProjectConfigurationPlatforms) = postSolution
		{D118BCC7-EBB3-4A57-92C6-07BB550C9CE4}.Debug|x64.ActiveCfg = Debug|x64
		{D118BCC7-EBB3-4A57-92C6-07BB550C9CE4}.Debug|x64.Build.0 = Debug|x64
		{D118BCC7-EBB3-4A57-92C6-07BB550C9CE4}.Debug|x86.ActiveCfg = Debug|Win32
		{D118BCC7-EBB3-4A57-92C6-07BB550C9CE4}.Debug|x86.Build.0 = Debug|Win32
		{D118BCC7-EBB3-4A57-92C6-07BB550C9CE4}.Release|x64.ActiveCfg = Release|x64
		{D118BCC7-EBB3-4A57-92C6-07BB550C9CE4}.Release|x64.Build.0 = Release|x64
		{D118BCC7-EBB3-4A57-92C6-07BB550C9CE4}.Release|x86.ActiveCfg = Release|Win32
		{D118BCC7-EBB3-4A57-92C6-07BB550C9CE4}.Release|x86.Build.0 = Release|Win32
	EndGlobalSection
	GlobalSection(SolutionProperties) = preSolution
		HideSolutionNode = FALSE
	EndGlobalSection
	GlobalSection(ExtensibilityGlobals) = postSolution
		SolutionGuid = {EAD289E9-1DA1-40FA-B059-134C3D6DB04C}
	EndGlobalSection
EndGlobal
